
Microsoft Visual Studio Solution File, Format Version 12.00
# Visual Studio Version 17
VisualStudioVersion = 17.5.33424.131
MinimumVisualStudioVersion = 10.0.40219.1
Project("{FAE04EC0-301F-11D3-BF4B-00C04F79EFBC}") = "salesproj2023", "salesproj2023\salesproj2023.csproj", "{0ABA87F4-049B-4C8C-BDCC-FF39CCC3793C}"
EndProject
Global
	GlobalSection(SolutionConfigurationPlatforms) = preSolution
		Debug|Any CPU = Debug|Any CPU
		Release|Any CPU = Release|Any CPU
	EndGlobalSection
	GlobalSection(ProjectConfigurationPlatforms) = postSolution
		{0ABA87F4-049B-4C8C-BDCC-FF39CCC3793C}.Debug|Any CPU.ActiveCfg = Debug|Any CPU
		{0ABA87F4-049B-4C8C-BDCC-FF39CCC3793C}.Debug|Any CPU.Build.0 = Debug|Any CPU
		{0ABA87F4-049B-4C8C-BDCC-FF39CCC3793C}.Release|Any CPU.ActiveCfg = Release|Any CPU
		{0ABA87F4-049B-4C8C-BDCC-FF39CCC3793C}.Release|Any CPU.Build.0 = Release|Any CPU
	EndGlobalSection
	GlobalSection(SolutionProperties) = preSolution
		HideSolutionNode = FALSE
	EndGlobalSection
	GlobalSection(ExtensibilityGlobals) = postSolution
		SolutionGuid = {B63B019C-85EC-4FE3-9A38-4AD302AC0A6C}
	EndGlobalSection
EndGlobal
