
Microsoft Visual Studio Solution File, Format Version 12.00
# Visual Studio 15
VisualStudioVersion = 15.0.28307.102
MinimumVisualStudioVersion = 10.0.40219.1
Project("{FAE04EC0-301F-11D3-BF4B-00C04F79EFBC}") = "WindowsFormsApp1", "WindowsFormsApp1\WindowsFormsApp1.csproj", "{083EFD59-E0C1-49BB-8AC8-3C86CD8C9AEF}"
EndProject
Global
	GlobalSection(SolutionConfigurationPlatforms) = preSolution
		Debug|Any CPU = Debug|Any CPU
		Release|Any CPU = Release|Any CPU
	EndGlobalSection
	GlobalSection(ProjectConfigurationPlatforms) = postSolution
		{083EFD59-E0C1-49BB-8AC8-3C86CD8C9AEF}.Debug|Any CPU.ActiveCfg = Debug|Any CPU
		{083EFD59-E0C1-49BB-8AC8-3C86CD8C9AEF}.Debug|Any CPU.Build.0 = Debug|Any CPU
		{083EFD59-E0C1-49BB-8AC8-3C86CD8C9AEF}.Release|Any CPU.ActiveCfg = Release|Any CPU
		{083EFD59-E0C1-49BB-8AC8-3C86CD8C9AEF}.Release|Any CPU.Build.0 = Release|Any CPU
	EndGlobalSection
	GlobalSection(SolutionProperties) = preSolution
		HideSolutionNode = FALSE
	EndGlobalSection
	GlobalSection(ExtensibilityGlobals) = postSolution
		SolutionGuid = {5FE5B7F6-44FB-4626-B02C-A107DDA0966A}
	EndGlobalSection
EndGlobal
